
Microsoft Visual Studio Solution File, Format Version 12.00
# Visual Studio Version 17
VisualStudioVersion = 17.0.31912.275
MinimumVisualStudioVersion = 10.0.40219.1
Project("{FAE04EC0-301F-11D3-BF4B-00C04F79EFBC}") = "Shop", "Shop\Shop.csproj", "{D14923EF-2719-483B-9845-7BE43C8A74EC}"
EndProject
Global
	GlobalSection(SolutionConfigurationPlatforms) = preSolution
		Debug|Any CPU = Debug|Any CPU
		Release|Any CPU = Release|Any CPU
	EndGlobalSection
	GlobalSection(ProjectConfigurationPlatforms) = postSolution
		{D14923EF-2719-483B-9845-7BE43C8A74EC}.Debug|Any CPU.ActiveCfg = Debug|Any CPU
		{D14923EF-2719-483B-9845-7BE43C8A74EC}.Debug|Any CPU.Build.0 = Debug|Any CPU
		{D14923EF-2719-483B-9845-7BE43C8A74EC}.Release|Any CPU.ActiveCfg = Release|Any CPU
		{D14923EF-2719-483B-9845-7BE43C8A74EC}.Release|Any CPU.Build.0 = Release|Any CPU
	EndGlobalSection
	GlobalSection(SolutionProperties) = preSolution
		HideSolutionNode = FALSE
	EndGlobalSection
	GlobalSection(ExtensibilityGlobals) = postSolution
		SolutionGuid = {17776F5B-E8A4-440F-A89C-91CFE7CBC98D}
	EndGlobalSection
EndGlobal
